PODS:
  - MBCircularProgressBar (0.3.4)
  - SnapKit (3.0.1)

DEPENDENCIES:
  - MBCircularProgressBar
  - SnapKit

SPEC CHECKSUMS:
  MBCircularProgressBar: ff3b8e2f441214d9ee122a24ba0d4d00cc7de881
  SnapKit: f818b8326d45b4e1c777d0ab27b5c0a3624bfdeb

PODFILE CHECKSUM: 4f536d09a27b5b7bc8d7394b9b996b82c5db7ee4

COCOAPODS: 1.1.0.rc.2
